
Microsoft Visual Studio Solution File, Format Version 12.00
# Visual Studio Version 17
VisualStudioVersion = 17.13.35828.75 d17.13
MinimumVisualStudioVersion = 10.0.40219.1
Project("{FAE04EC0-301F-11D3-BF4B-00C04F79EFBC}") = "RoboTupiniquim2025", "RoboTupiniquim2025\RoboTupiniquim2025.csproj", "{32D2FEAA-7E12-4045-B474-D8637EF52BD2}"
EndProject
Global
	GlobalSection(SolutionConfigurationPlatforms) = preSolution
		Debug|Any CPU = Debug|Any CPU
		Release|Any CPU = Release|Any CPU
	EndGlobalSection
	GlobalSection(ProjectConfigurationPlatforms) = postSolution
		{32D2FEAA-7E12-4045-B474-D8637EF52BD2}.Debug|Any CPU.ActiveCfg = Debug|Any CPU
		{32D2FEAA-7E12-4045-B474-D8637EF52BD2}.Debug|Any CPU.Build.0 = Debug|Any CPU
		{32D2FEAA-7E12-4045-B474-D8637EF52BD2}.Release|Any CPU.ActiveCfg = Release|Any CPU
		{32D2FEAA-7E12-4045-B474-D8637EF52BD2}.Release|Any CPU.Build.0 = Release|Any CPU
	EndGlobalSection
	GlobalSection(SolutionProperties) = preSolution
		HideSolutionNode = FALSE
	EndGlobalSection
	GlobalSection(ExtensibilityGlobals) = postSolution
		SolutionGuid = {A61F5846-6791-42F6-BA36-BD752C7B1709}
	EndGlobalSection
EndGlobal
